
Microsoft Visual Studio Solution File, Format Version 12.00
# Visual Studio 15
VisualStudioVersion = 15.0.27004.2008
MinimumVisualStudioVersion = 10.0.40219.1
Project("{2150E333-8FDC-42A3-9474-1A3956D46DE8}") = "01. Comunes", "01. Comunes", "{79F50801-4827-43AE-8254-DEB9608F38CA}"
EndProject
Project("{FAE04EC0-301F-11D3-BF4B-00C04F79EFBC}") = "Bicimoto.Comun", "Bicimoto.Comun\Bicimoto.Comun.csproj", "{D1A40F59-6CD9-4541-A844-BE09D229E1AA}"
EndProject
Project("{FAE04EC0-301F-11D3-BF4B-00C04F79EFBC}") = "Bicimoto.Comun.Dto", "Bicimoto.Comun.Dto\Bicimoto.Comun.Dto.csproj", "{B10720B8-041E-4342-8B5C-A1BF6C01C357}"
EndProject
Project("{FAE04EC0-301F-11D3-BF4B-00C04F79EFBC}") = "Bicimoto.Estructuras", "Bicimoto.Estructuras\Bicimoto.Estructuras.csproj", "{4DA766A0-BE62-4BEF-9CFC-1E9DE86D26B2}"
EndProject
Project("{FAE04EC0-301F-11D3-BF4B-00C04F79EFBC}") = "Bicimoto.Firmado", "Bicimoto.Firmado\Bicimoto.Firmado.csproj", "{942D918C-DBB1-4344-B186-5404703FC93B}"
EndProject
Project("{FAE04EC0-301F-11D3-BF4B-00C04F79EFBC}") = "Bicimoto.Servicio", "Bicimoto.Servicio\Bicimoto.Servicio.csproj", "{232E64AF-DC39-46ED-B477-F3861FF59B04}"
	ProjectSection(ProjectDependencies) = postProject
		{D1A40F59-6CD9-4541-A844-BE09D229E1AA} = {D1A40F59-6CD9-4541-A844-BE09D229E1AA}
	EndProjectSection
EndProject
Project("{FAE04EC0-301F-11D3-BF4B-00C04F79EFBC}") = "Bicimoto.Servicio.Soap", "Bicimoto.Servicio.Soap\Bicimoto.Servicio.Soap.csproj", "{F3500C33-FF0D-4EAB-9BD8-C78F4DECFD38}"
EndProject
Project("{FAE04EC0-301F-11D3-BF4B-00C04F79EFBC}") = "Bicimoto.Xml", "Bicimoto.Xml\Bicimoto.Xml.csproj", "{2A11E28A-C671-434B-AD02-EC2BB89FBA6D}"
EndProject
Project("{2150E333-8FDC-42A3-9474-1A3956D46DE8}") = "02. Aplicativo Windows", "02. Aplicativo Windows", "{C53113AA-9939-4359-B6E5-142FE9C8463C}"
EndProject
Project("{FAE04EC0-301F-11D3-BF4B-00C04F79EFBC}") = "Bicimoto.Datos", "Bicimoto.Datos\Bicimoto.Datos.csproj", "{01C2727A-E731-42F8-92AF-269AC7B282D5}"
EndProject
Project("{FAE04EC0-301F-11D3-BF4B-00C04F79EFBC}") = "SisBicimotoApp", "SisBicimotoApp\SisBicimotoApp.csproj", "{877556D7-CF90-4ADE-B8F4-495F1342812A}"
EndProject
Project("{2150E333-8FDC-42A3-9474-1A3956D46DE8}") = "03. API REST", "03. API REST", "{CB7933BA-35C5-42E5-9BAF-35967AE2A149}"
EndProject
Project("{FAE04EC0-301F-11D3-BF4B-00C04F79EFBC}") = "Bicimoto.WebApi", "Bicimoto.WebApi\Bicimoto.WebApi.csproj", "{E91C0236-0FCE-44F4-B9DF-C05E138B3972}"
EndProject
Project("{FAE04EC0-301F-11D3-BF4B-00C04F79EFBC}") = "Bicimoto.WebApi.Tests", "Bicimoto.WebApi.Tests\Bicimoto.WebApi.Tests.csproj", "{98C01054-26DB-4954-8060-99F41CF34D69}"
	ProjectSection(ProjectDependencies) = postProject
		{D1A40F59-6CD9-4541-A844-BE09D229E1AA} = {D1A40F59-6CD9-4541-A844-BE09D229E1AA}
		{2A11E28A-C671-434B-AD02-EC2BB89FBA6D} = {2A11E28A-C671-434B-AD02-EC2BB89FBA6D}
		{942D918C-DBB1-4344-B186-5404703FC93B} = {942D918C-DBB1-4344-B186-5404703FC93B}
		{4DA766A0-BE62-4BEF-9CFC-1E9DE86D26B2} = {4DA766A0-BE62-4BEF-9CFC-1E9DE86D26B2}
		{232E64AF-DC39-46ED-B477-F3861FF59B04} = {232E64AF-DC39-46ED-B477-F3861FF59B04}
		{B10720B8-041E-4342-8B5C-A1BF6C01C357} = {B10720B8-041E-4342-8B5C-A1BF6C01C357}
	EndProjectSection
EndProject
Project("{FAE04EC0-301F-11D3-BF4B-00C04F79EFBC}") = "Bicimoto.API", "Bicimoto.API\Bicimoto.API.csproj", "{4B1F35F8-48B6-4C05-9F0C-F1F1E8B839FF}"
EndProject
Global
	GlobalSection(SolutionConfigurationPlatforms) = preSolution
		Debug|Any CPU = Debug|Any CPU
		Release|Any CPU = Release|Any CPU
	EndGlobalSection
	GlobalSection(ProjectConfigurationPlatforms) = postSolution
		{D1A40F59-6CD9-4541-A844-BE09D229E1AA}.Debug|Any CPU.ActiveCfg = Debug|Any CPU
		{D1A40F59-6CD9-4541-A844-BE09D229E1AA}.Debug|Any CPU.Build.0 = Debug|Any CPU
		{D1A40F59-6CD9-4541-A844-BE09D229E1AA}.Release|Any CPU.ActiveCfg = Release|Any CPU
		{D1A40F59-6CD9-4541-A844-BE09D229E1AA}.Release|Any CPU.Build.0 = Release|Any CPU
		{B10720B8-041E-4342-8B5C-A1BF6C01C357}.Debug|Any CPU.ActiveCfg = Debug|Any CPU
		{B10720B8-041E-4342-8B5C-A1BF6C01C357}.Debug|Any CPU.Build.0 = Debug|Any CPU
		{B10720B8-041E-4342-8B5C-A1BF6C01C357}.Release|Any CPU.ActiveCfg = Release|Any CPU
		{B10720B8-041E-4342-8B5C-A1BF6C01C357}.Release|Any CPU.Build.0 = Release|Any CPU
		{4DA766A0-BE62-4BEF-9CFC-1E9DE86D26B2}.Debug|Any CPU.ActiveCfg = Debug|Any CPU
		{4DA766A0-BE62-4BEF-9CFC-1E9DE86D26B2}.Debug|Any CPU.Build.0 = Debug|Any CPU
		{4DA766A0-BE62-4BEF-9CFC-1E9DE86D26B2}.Release|Any CPU.ActiveCfg = Release|Any CPU
		{4DA766A0-BE62-4BEF-9CFC-1E9DE86D26B2}.Release|Any CPU.Build.0 = Release|Any CPU
		{942D918C-DBB1-4344-B186-5404703FC93B}.Debug|Any CPU.ActiveCfg = Debug|Any CPU
		{942D918C-DBB1-4344-B186-5404703FC93B}.Debug|Any CPU.Build.0 = Debug|Any CPU
		{942D918C-DBB1-4344-B186-5404703FC93B}.Release|Any CPU.ActiveCfg = Release|Any CPU
		{942D918C-DBB1-4344-B186-5404703FC93B}.Release|Any CPU.Build.0 = Release|Any CPU
		{232E64AF-DC39-46ED-B477-F3861FF59B04}.Debug|Any CPU.ActiveCfg = Debug|Any CPU
		{232E64AF-DC39-46ED-B477-F3861FF59B04}.Debug|Any CPU.Build.0 = Debug|Any CPU
		{232E64AF-DC39-46ED-B477-F3861FF59B04}.Release|Any CPU.ActiveCfg = Release|Any CPU
		{232E64AF-DC39-46ED-B477-F3861FF59B04}.Release|Any CPU.Build.0 = Release|Any CPU
		{F3500C33-FF0D-4EAB-9BD8-C78F4DECFD38}.Debug|Any CPU.ActiveCfg = Debug|Any CPU
		{F3500C33-FF0D-4EAB-9BD8-C78F4DECFD38}.Debug|Any CPU.Build.0 = Debug|Any CPU
		{F3500C33-FF0D-4EAB-9BD8-C78F4DECFD38}.Release|Any CPU.ActiveCfg = Release|Any CPU
		{F3500C33-FF0D-4EAB-9BD8-C78F4DECFD38}.Release|Any CPU.Build.0 = Release|Any CPU
		{2A11E28A-C671-434B-AD02-EC2BB89FBA6D}.Debug|Any CPU.ActiveCfg = Debug|Any CPU
		{2A11E28A-C671-434B-AD02-EC2BB89FBA6D}.Debug|Any CPU.Build.0 = Debug|Any CPU
		{2A11E28A-C671-434B-AD02-EC2BB89FBA6D}.Release|Any CPU.ActiveCfg = Release|Any CPU
		{2A11E28A-C671-434B-AD02-EC2BB89FBA6D}.Release|Any CPU.Build.0 = Release|Any CPU
		{01C2727A-E731-42F8-92AF-269AC7B282D5}.Debug|Any CPU.ActiveCfg = Debug|Any CPU
		{01C2727A-E731-42F8-92AF-269AC7B282D5}.Debug|Any CPU.Build.0 = Debug|Any CPU
		{01C2727A-E731-42F8-92AF-269AC7B282D5}.Release|Any CPU.ActiveCfg = Release|Any CPU
		{01C2727A-E731-42F8-92AF-269AC7B282D5}.Release|Any CPU.Build.0 = Release|Any CPU
		{877556D7-CF90-4ADE-B8F4-495F1342812A}.Debug|Any CPU.ActiveCfg = Debug|Any CPU
		{877556D7-CF90-4ADE-B8F4-495F1342812A}.Debug|Any CPU.Build.0 = Debug|Any CPU
		{877556D7-CF90-4ADE-B8F4-495F1342812A}.Release|Any CPU.ActiveCfg = Release|Any CPU
		{877556D7-CF90-4ADE-B8F4-495F1342812A}.Release|Any CPU.Build.0 = Release|Any CPU
		{E91C0236-0FCE-44F4-B9DF-C05E138B3972}.Debug|Any CPU.ActiveCfg = Debug|Any CPU
		{E91C0236-0FCE-44F4-B9DF-C05E138B3972}.Debug|Any CPU.Build.0 = Debug|Any CPU
		{E91C0236-0FCE-44F4-B9DF-C05E138B3972}.Release|Any CPU.ActiveCfg = Release|Any CPU
		{E91C0236-0FCE-44F4-B9DF-C05E138B3972}.Release|Any CPU.Build.0 = Release|Any CPU
		{98C01054-26DB-4954-8060-99F41CF34D69}.Debug|Any CPU.ActiveCfg = Debug|Any CPU
		{98C01054-26DB-4954-8060-99F41CF34D69}.Debug|Any CPU.Build.0 = Debug|Any CPU
		{98C01054-26DB-4954-8060-99F41CF34D69}.Release|Any CPU.ActiveCfg = Release|Any CPU
		{98C01054-26DB-4954-8060-99F41CF34D69}.Release|Any CPU.Build.0 = Release|Any CPU
		{4B1F35F8-48B6-4C05-9F0C-F1F1E8B839FF}.Debug|Any CPU.ActiveCfg = Debug|Any CPU
		{4B1F35F8-48B6-4C05-9F0C-F1F1E8B839FF}.Debug|Any CPU.Build.0 = Debug|Any CPU
		{4B1F35F8-48B6-4C05-9F0C-F1F1E8B839FF}.Release|Any CPU.ActiveCfg = Release|Any CPU
		{4B1F35F8-48B6-4C05-9F0C-F1F1E8B839FF}.Release|Any CPU.Build.0 = Release|Any CPU
	EndGlobalSection
	GlobalSection(SolutionProperties) = preSolution
		HideSolutionNode = FALSE
	EndGlobalSection
	GlobalSection(NestedProjects) = preSolution
		{D1A40F59-6CD9-4541-A844-BE09D229E1AA} = {79F50801-4827-43AE-8254-DEB9608F38CA}
		{B10720B8-041E-4342-8B5C-A1BF6C01C357} = {79F50801-4827-43AE-8254-DEB9608F38CA}
		{4DA766A0-BE62-4BEF-9CFC-1E9DE86D26B2} = {79F50801-4827-43AE-8254-DEB9608F38CA}
		{942D918C-DBB1-4344-B186-5404703FC93B} = {79F50801-4827-43AE-8254-DEB9608F38CA}
		{232E64AF-DC39-46ED-B477-F3861FF59B04} = {79F50801-4827-43AE-8254-DEB9608F38CA}
		{F3500C33-FF0D-4EAB-9BD8-C78F4DECFD38} = {79F50801-4827-43AE-8254-DEB9608F38CA}
		{2A11E28A-C671-434B-AD02-EC2BB89FBA6D} = {79F50801-4827-43AE-8254-DEB9608F38CA}
		{01C2727A-E731-42F8-92AF-269AC7B282D5} = {C53113AA-9939-4359-B6E5-142FE9C8463C}
		{877556D7-CF90-4ADE-B8F4-495F1342812A} = {C53113AA-9939-4359-B6E5-142FE9C8463C}
		{E91C0236-0FCE-44F4-B9DF-C05E138B3972} = {CB7933BA-35C5-42E5-9BAF-35967AE2A149}
		{98C01054-26DB-4954-8060-99F41CF34D69} = {CB7933BA-35C5-42E5-9BAF-35967AE2A149}
		{4B1F35F8-48B6-4C05-9F0C-F1F1E8B839FF} = {C53113AA-9939-4359-B6E5-142FE9C8463C}
	EndGlobalSection
	GlobalSection(ExtensibilityGlobals) = postSolution
		SolutionGuid = {DC54AF86-0FA0-412D-80C9-8E15BBF1DB69}
	EndGlobalSection
EndGlobal
